
Microsoft Visual Studio Solution File, Format Version 12.00
# Visual Studio Version 16
VisualStudioVersion = 16.0.30413.136
MinimumVisualStudioVersion = 10.0.40219.1
Project("{9A19103F-16F7-4668-BE54-9A1E7A4F7556}") = "Blauhaus.Realtime.Abstractions", "Blauhaus.Realtime.Abstractions\Blauhaus.Realtime.Abstractions.csproj", "{11819BA3-3399-4A04-B5B1-19C73720D287}"
EndProject
Project("{FAE04EC0-301F-11D3-BF4B-00C04F79EFBC}") = "Blauhaus.Realtime.Tests", "Blauhaus.Realtime.Tests\Blauhaus.Realtime.Tests.csproj", "{D8996D3E-4AF3-41ED-8835-EA4EC0510106}"
EndProject
Project("{FAE04EC0-301F-11D3-BF4B-00C04F79EFBC}") = "Blauhaus.Realtime.TestHelpers", "Blauhaus.Realtime.TestHelpers\Blauhaus.Realtime.TestHelpers.csproj", "{BAAA1974-43DC-48F4-AF1F-455FFE784D3A}"
EndProject
Project("{FAE04EC0-301F-11D3-BF4B-00C04F79EFBC}") = "Blauhaus.Realtime.Client.SignalR", "Blauhaus.Realtime.Client.SignalR\Blauhaus.Realtime.Client.SignalR.csproj", "{40EED5F1-0E77-4907-9B9A-6E65DB363203}"
EndProject
Project("{FAE04EC0-301F-11D3-BF4B-00C04F79EFBC}") = "Blauhaus.Realtime.Server.SignalR", "Blauhaus.Realtime.Server.SignalR\Blauhaus.Realtime.Server.SignalR.csproj", "{A1D18D3D-7DF7-4588-A922-0D2B44F63E54}"
EndProject
Global
	GlobalSection(SolutionConfigurationPlatforms) = preSolution
		Debug|Any CPU = Debug|Any CPU
		Release|Any CPU = Release|Any CPU
	EndGlobalSection
	GlobalSection(ProjectConfigurationPlatforms) = postSolution
		{11819BA3-3399-4A04-B5B1-19C73720D287}.Debug|Any CPU.ActiveCfg = Debug|Any CPU
		{11819BA3-3399-4A04-B5B1-19C73720D287}.Debug|Any CPU.Build.0 = Debug|Any CPU
		{11819BA3-3399-4A04-B5B1-19C73720D287}.Release|Any CPU.ActiveCfg = Release|Any CPU
		{11819BA3-3399-4A04-B5B1-19C73720D287}.Release|Any CPU.Build.0 = Release|Any CPU
		{D8996D3E-4AF3-41ED-8835-EA4EC0510106}.Debug|Any CPU.ActiveCfg = Debug|Any CPU
		{D8996D3E-4AF3-41ED-8835-EA4EC0510106}.Debug|Any CPU.Build.0 = Debug|Any CPU
		{D8996D3E-4AF3-41ED-8835-EA4EC0510106}.Release|Any CPU.ActiveCfg = Release|Any CPU
		{D8996D3E-4AF3-41ED-8835-EA4EC0510106}.Release|Any CPU.Build.0 = Release|Any CPU
		{BAAA1974-43DC-48F4-AF1F-455FFE784D3A}.Debug|Any CPU.ActiveCfg = Debug|Any CPU
		{BAAA1974-43DC-48F4-AF1F-455FFE784D3A}.Debug|Any CPU.Build.0 = Debug|Any CPU
		{BAAA1974-43DC-48F4-AF1F-455FFE784D3A}.Release|Any CPU.ActiveCfg = Release|Any CPU
		{BAAA1974-43DC-48F4-AF1F-455FFE784D3A}.Release|Any CPU.Build.0 = Release|Any CPU
		{40EED5F1-0E77-4907-9B9A-6E65DB363203}.Debug|Any CPU.ActiveCfg = Debug|Any CPU
		{40EED5F1-0E77-4907-9B9A-6E65DB363203}.Debug|Any CPU.Build.0 = Debug|Any CPU
		{40EED5F1-0E77-4907-9B9A-6E65DB363203}.Release|Any CPU.ActiveCfg = Release|Any CPU
		{40EED5F1-0E77-4907-9B9A-6E65DB363203}.Release|Any CPU.Build.0 = Release|Any CPU
		{A1D18D3D-7DF7-4588-A922-0D2B44F63E54}.Debug|Any CPU.ActiveCfg = Debug|Any CPU
		{A1D18D3D-7DF7-4588-A922-0D2B44F63E54}.Debug|Any CPU.Build.0 = Debug|Any CPU
		{A1D18D3D-7DF7-4588-A922-0D2B44F63E54}.Release|Any CPU.ActiveCfg = Release|Any CPU
		{A1D18D3D-7DF7-4588-A922-0D2B44F63E54}.Release|Any CPU.Build.0 = Release|Any CPU
	EndGlobalSection
	GlobalSection(SolutionProperties) = preSolution
		HideSolutionNode = FALSE
	EndGlobalSection
	GlobalSection(ExtensibilityGlobals) = postSolution
		SolutionGuid = {C2BD2CB4-086D-4F82-95F9-050B05E841F5}
	EndGlobalSection
EndGlobal
